
Microsoft Visual Studio Solution File, Format Version 12.00
# Visual Studio Version 17
VisualStudioVersion = 17.8.34309.116
MinimumVisualStudioVersion = 10.0.40219.1
Project("{9A19103F-16F7-4668-BE54-9A1E7A4F7556}") = "GroceryExpress.API", "GroceryExpress\GroceryExpress.API.csproj", "{A3FF3A94-76BD-49D1-9D1E-99FD8A9A6DB0}"
EndProject
Project("{9A19103F-16F7-4668-BE54-9A1E7A4F7556}") = "GroceryExpress.DAL", "GroceryExpress.DAL\GroceryExpress.DAL.csproj", "{97F8657C-91A7-4E91-933A-F10ADDCB92FC}"
EndProject
Project("{9A19103F-16F7-4668-BE54-9A1E7A4F7556}") = "GroceryExpress.DOMAIN", "GroceryExpress.DOMAIN\GroceryExpress.DOMAIN.csproj", "{C2D6948C-11AE-4716-A165-EBDAB52FB726}"
EndProject
Project("{9A19103F-16F7-4668-BE54-9A1E7A4F7556}") = "GroceryExpress.BLL", "GroceryExpress.BLL\GroceryExpress.BLL.csproj", "{EB3D86B0-E297-49B4-BE5E-E06A34287211}"
EndProject
Global
	GlobalSection(SolutionConfigurationPlatforms) = preSolution
		Debug|Any CPU = Debug|Any CPU
		Release|Any CPU = Release|Any CPU
	EndGlobalSection
	GlobalSection(ProjectConfigurationPlatforms) = postSolution
		{A3FF3A94-76BD-49D1-9D1E-99FD8A9A6DB0}.Debug|Any CPU.ActiveCfg = Debug|Any CPU
		{A3FF3A94-76BD-49D1-9D1E-99FD8A9A6DB0}.Debug|Any CPU.Build.0 = Debug|Any CPU
		{A3FF3A94-76BD-49D1-9D1E-99FD8A9A6DB0}.Release|Any CPU.ActiveCfg = Release|Any CPU
		{A3FF3A94-76BD-49D1-9D1E-99FD8A9A6DB0}.Release|Any CPU.Build.0 = Release|Any CPU
		{97F8657C-91A7-4E91-933A-F10ADDCB92FC}.Debug|Any CPU.ActiveCfg = Debug|Any CPU
		{97F8657C-91A7-4E91-933A-F10ADDCB92FC}.Debug|Any CPU.Build.0 = Debug|Any CPU
		{97F8657C-91A7-4E91-933A-F10ADDCB92FC}.Release|Any CPU.ActiveCfg = Release|Any CPU
		{97F8657C-91A7-4E91-933A-F10ADDCB92FC}.Release|Any CPU.Build.0 = Release|Any CPU
		{C2D6948C-11AE-4716-A165-EBDAB52FB726}.Debug|Any CPU.ActiveCfg = Debug|Any CPU
		{C2D6948C-11AE-4716-A165-EBDAB52FB726}.Debug|Any CPU.Build.0 = Debug|Any CPU
		{C2D6948C-11AE-4716-A165-EBDAB52FB726}.Release|Any CPU.ActiveCfg = Release|Any CPU
		{C2D6948C-11AE-4716-A165-EBDAB52FB726}.Release|Any CPU.Build.0 = Release|Any CPU
		{EB3D86B0-E297-49B4-BE5E-E06A34287211}.Debug|Any CPU.ActiveCfg = Debug|Any CPU
		{EB3D86B0-E297-49B4-BE5E-E06A34287211}.Debug|Any CPU.Build.0 = Debug|Any CPU
		{EB3D86B0-E297-49B4-BE5E-E06A34287211}.Release|Any CPU.ActiveCfg = Release|Any CPU
		{EB3D86B0-E297-49B4-BE5E-E06A34287211}.Release|Any CPU.Build.0 = Release|Any CPU
	EndGlobalSection
	GlobalSection(SolutionProperties) = preSolution
		HideSolutionNode = FALSE
	EndGlobalSection
	GlobalSection(ExtensibilityGlobals) = postSolution
		SolutionGuid = {82858076-4A52-4498-8D11-F3513D96387D}
	EndGlobalSection
EndGlobal
